
Microsoft Visual Studio Solution File, Format Version 12.00
# Visual Studio Version 16
VisualStudioVersion = 16.0.30717.126
MinimumVisualStudioVersion = 10.0.40219.1
Project("{9A19103F-16F7-4668-BE54-9A1E7A4F7556}") = "ByteBank", "ByteBank\ByteBank.csproj", "{C0F82D79-29E6-43A6-B30B-3813D5B5BCB0}"
EndProject
Project("{FAE04EC0-301F-11D3-BF4B-00C04F79EFBC}") = "ByteBank.Models", "ByteBank.Models\ByteBank.Models.csproj", "{03AD9032-3E2B-489C-975B-B508A8B65940}"
EndProject
Project("{FAE04EC0-301F-11D3-BF4B-00C04F79EFBC}") = "ByteBank.SistemaInterno", "..\SintemaInterno\ByteBank.SistemaInterno\ByteBank.SistemaInterno.csproj", "{279282C2-9B47-4855-805E-57B19E8FE36F}"
EndProject
Global
	GlobalSection(SolutionConfigurationPlatforms) = preSolution
		Debug|Any CPU = Debug|Any CPU
		Release|Any CPU = Release|Any CPU
	EndGlobalSection
	GlobalSection(ProjectConfigurationPlatforms) = postSolution
		{C0F82D79-29E6-43A6-B30B-3813D5B5BCB0}.Debug|Any CPU.ActiveCfg = Debug|Any CPU
		{C0F82D79-29E6-43A6-B30B-3813D5B5BCB0}.Debug|Any CPU.Build.0 = Debug|Any CPU
		{C0F82D79-29E6-43A6-B30B-3813D5B5BCB0}.Release|Any CPU.ActiveCfg = Release|Any CPU
		{C0F82D79-29E6-43A6-B30B-3813D5B5BCB0}.Release|Any CPU.Build.0 = Release|Any CPU
		{03AD9032-3E2B-489C-975B-B508A8B65940}.Debug|Any CPU.ActiveCfg = Debug|Any CPU
		{03AD9032-3E2B-489C-975B-B508A8B65940}.Debug|Any CPU.Build.0 = Debug|Any CPU
		{03AD9032-3E2B-489C-975B-B508A8B65940}.Release|Any CPU.ActiveCfg = Release|Any CPU
		{03AD9032-3E2B-489C-975B-B508A8B65940}.Release|Any CPU.Build.0 = Release|Any CPU
		{279282C2-9B47-4855-805E-57B19E8FE36F}.Debug|Any CPU.ActiveCfg = Debug|Any CPU
		{279282C2-9B47-4855-805E-57B19E8FE36F}.Debug|Any CPU.Build.0 = Debug|Any CPU
		{279282C2-9B47-4855-805E-57B19E8FE36F}.Release|Any CPU.ActiveCfg = Release|Any CPU
		{279282C2-9B47-4855-805E-57B19E8FE36F}.Release|Any CPU.Build.0 = Release|Any CPU
	EndGlobalSection
	GlobalSection(SolutionProperties) = preSolution
		HideSolutionNode = FALSE
	EndGlobalSection
	GlobalSection(ExtensibilityGlobals) = postSolution
		SolutionGuid = {0CFB8E43-B694-4486-BF86-4A41941A1DDC}
	EndGlobalSection
EndGlobal
